
Microsoft Visual Studio Solution File, Format Version 12.00
# Visual Studio Version 17
VisualStudioVersion = 17.14.37111.16 d17.14
MinimumVisualStudioVersion = 10.0.40219.1
Project("{8BC9CEB8-8B4A-11D0-8D11-00A0C91BC942}") = "c_xuexi_2026.4.3", "c_xuexi_2026.4.3\c_xuexi_2026.4.3.vcxproj", "{65F69C30-9D9D-4AB5-9619-1115C9090D42}"
EndProject
Global
	GlobalSection(SolutionConfigurationPlatforms) = preSolution
		Debug|x64 = Debug|x64
		Debug|x86 = Debug|x86
		Release|x64 = Release|x64
		Release|x86 = Release|x86
	EndGlobalSection
	GlobalSection(ProjectConfigurationPlatforms) = postSolution
		{65F69C30-9D9D-4AB5-9619-1115C9090D42}.Debug|x64.ActiveCfg = Debug|x64
		{65F69C30-9D9D-4AB5-9619-1115C9090D42}.Debug|x64.Build.0 = Debug|x64
		{65F69C30-9D9D-4AB5-9619-1115C9090D42}.Debug|x86.ActiveCfg = Debug|Win32
		{65F69C30-9D9D-4AB5-9619-1115C9090D42}.Debug|x86.Build.0 = Debug|Win32
		{65F69C30-9D9D-4AB5-9619-1115C9090D42}.Release|x64.ActiveCfg = Release|x64
		{65F69C30-9D9D-4AB5-9619-1115C9090D42}.Release|x64.Build.0 = Release|x64
		{65F69C30-9D9D-4AB5-9619-1115C9090D42}.Release|x86.ActiveCfg = Release|Win32
		{65F69C30-9D9D-4AB5-9619-1115C9090D42}.Release|x86.Build.0 = Release|Win32
	EndGlobalSection
	GlobalSection(SolutionProperties) = preSolution
		HideSolutionNode = FALSE
	EndGlobalSection
	GlobalSection(ExtensibilityGlobals) = postSolution
		SolutionGuid = {09D7B472-DA13-4405-BCE1-75B0E2C07E23}
	EndGlobalSection
EndGlobal
